// !$*UTF8*$!
{
	archiveVersion = 1;
	classes = {
	};
	objectVersion = 55;
	objects = {

/* Begin PBXBuildFile section */
		2B0235932844FB9400D91BAD /* VideoTableViewCell.swift in Sources */ = {isa = PBXBuildFile; fileRef = 2B0235922844FB9400D91BAD /* VideoTableViewCell.swift */; };
		2B247E29283F813E0036764A /* AppDelegate.swift in Sources */ = {isa = PBXBuildFile; fileRef = 2B247E28283F813E0036764A /* AppDelegate.swift */; };
		2B247E2B283F813E0036764A /* SceneDelegate.swift in Sources */ = {isa = PBXBuildFile; fileRef = 2B247E2A283F813E0036764A /* SceneDelegate.swift */; };
		2B247E2D283F813E0036764A /* ViewController.swift in Sources */ = {isa = PBXBuildFile; fileRef = 2B247E2C283F813E0036764A /* ViewController.swift */; };
		2B247E30283F813E0036764A /* Main.storyboard in Resources */ = {isa = PBXBuildFile; fileRef = 2B247E2E283F813E0036764A /* Main.storyboard */; };
		2B247E32283F813E0036764A /* Assets.xcassets in Resources */ = {isa = PBXBuildFile; fileRef = 2B247E31283F813E0036764A /* Assets.xcassets */; };
		2B247E35283F813E0036764A /* LaunchScreen.storyboard in Resources */ = {isa = PBXBuildFile; fileRef = 2B247E33283F813E0036764A /* LaunchScreen.storyboard */; };
		2B5FD75F28452A580048A11E /* CacheManager.swift in Sources */ = {isa = PBXBuildFile; fileRef = 2B5FD75E28452A580048A11E /* CacheManager.swift */; };
		2B813A27284081A3001CD188 /* Constants.swift in Sources */ = {isa = PBXBuildFile; fileRef = 2B813A26284081A3001CD188 /* Constants.swift */; };
		2B813A292840BBA6001CD188 /* Video.swift in Sources */ = {isa = PBXBuildFile; fileRef = 2B813A282840BBA6001CD188 /* Video.swift */; };
		2B813A2B2840BC4F001CD188 /* Model.swift in Sources */ = {isa = PBXBuildFile; fileRef = 2B813A2A2840BC4F001CD188 /* Model.swift */; };
		2B813A2D2840FFCE001CD188 /* Response.swift in Sources */ = {isa = PBXBuildFile; fileRef = 2B813A2C2840FFCE001CD188 /* Response.swift */; };
/* End PBXBuildFile section */

/* Begin PBXFileReference section */
		2B0235922844FB9400D91BAD /* VideoTableViewCell.swift */ = {isa = PBXFileReference; lastKnownFileType = sourcecode.swift; path = VideoTableViewCell.swift; sourceTree = "<group>"; };
		2B247E25283F813E0036764A /* 0526YouTubeApp.app */ = {isa = PBXFileReference; explicitFileType = wrapper.application; includeInIndex = 0; path = 0526YouTubeApp.app; sourceTree = BUILT_PRODUCTS_DIR; };
		2B247E28283F813E0036764A /* AppDelegate.swift */ = {isa = PBXFileReference; lastKnownFileType = sourcecode.swift; path = AppDelegate.swift; sourceTree = "<group>"; };
		2B247E2A283F813E0036764A /* SceneDelegate.swift */ = {isa = PBXFileReference; lastKnownFileType = sourcecode.swift; path = SceneDelegate.swift; sourceTree = "<group>"; };
		2B247E2C283F813E0036764A /* ViewController.swift */ = {isa = PBXFileReference; lastKnownFileType = sourcecode.swift; path = ViewController.swift; sourceTree = "<group>"; };
		2B247E2F283F813E0036764A /* Base */ = {isa = PBXFileReference; lastKnownFileType = file.storyboard; name = Base; path = Base.lproj/Main.storyboard; sourceTree = "<group>"; };
		2B247E31283F813E0036764A /* Assets.xcassets */ = {isa = PBXFileReference; lastKnownFileType = folder.assetcatalog; path = Assets.xcassets; sourceTree = "<group>"; };
		2B247E34283F813E0036764A /* Base */ = {isa = PBXFileReference; lastKnownFileType = file.storyboard; name = Base; path = Base.lproj/LaunchScreen.storyboard; sourceTree = "<group>"; };
		2B247E36283F813E0036764A /* Info.plist */ = {isa = PBXFileReference; lastKnownFileType = text.plist.xml; path = Info.plist; sourceTree = "<group>"; };
		2B5FD75E28452A580048A11E /* CacheManager.swift */ = {isa = PBXFileReference; lastKnownFileType = sourcecode.swift; path = CacheManager.swift; sourceTree = "<group>"; };
		2B813A26284081A3001CD188 /* Constants.swift */ = {isa = PBXFileReference; lastKnownFileType = sourcecode.swift; path = Constants.swift; sourceTree = "<group>"; };
		2B813A282840BBA6001CD188 /* Video.swift */ = {isa = PBXFileReference; lastKnownFileType = sourcecode.swift; path = Video.swift; sourceTree = "<group>"; };
		2B813A2A2840BC4F001CD188 /* Model.swift */ = {isa = PBXFileReference; lastKnownFileType = sourcecode.swift; path = Model.swift; sourceTree = "<group>"; };
		2B813A2C2840FFCE001CD188 /* Response.swift */ = {isa = PBXFileReference; lastKnownFileType = sourcecode.swift; path = Response.swift; sourceTree = "<group>"; };
/* End PBXFileReference section */

/* Begin PBXFrameworksBuildPhase section */
		2B247E22283F813E0036764A /* Frameworks */ = {
			isa = PBXFrameworksBuildPhase;
			buildActionMask = 2147483647;
			files = (
			);
			runOnlyForDeploymentPostprocessing = 0;
		};
/* End PBXFrameworksBuildPhase section */

/* Begin PBXGroup section */
		2B0235942844FBD100D91BAD /* Storyboards */ = {
			isa = PBXGroup;
			children = (
				2B247E2E283F813E0036764A /* Main.storyboard */,
				2B247E33283F813E0036764A /* LaunchScreen.storyboard */,
			);
			path = Storyboards;
			sourceTree = "<group>";
		};
		2B0235952844FBF500D91BAD /* Models */ = {
			isa = PBXGroup;
			children = (
				2B813A282840BBA6001CD188 /* Video.swift */,
				2B813A2C2840FFCE001CD188 /* Response.swift */,
				2B813A2A2840BC4F001CD188 /* Model.swift */,
			);
			path = Models;
			sourceTree = "<group>";
		};
		2B0235962844FC1000D91BAD /* ViewContollers */ = {
			isa = PBXGroup;
			children = (
				2B247E2C283F813E0036764A /* ViewController.swift */,
			);
			path = ViewContollers;
			sourceTree = "<group>";
		};
		2B0235972844FC5900D91BAD /* Views */ = {
			isa = PBXGroup;
			children = (
				2B0235922844FB9400D91BAD /* VideoTableViewCell.swift */,
			);
			path = Views;
			sourceTree = "<group>";
		};
		2B0235982844FC7800D91BAD /* Helps */ = {
			isa = PBXGroup;
			children = (
				2B813A26284081A3001CD188 /* Constants.swift */,
				2B5FD75E28452A580048A11E /* CacheManager.swift */,
			);
			path = Helps;
			sourceTree = "<group>";
		};
		2B247E1C283F813E0036764A = {
			isa = PBXGroup;
			children = (
				2B247E27283F813E0036764A /* 0526YouTubeApp */,
				2B247E26283F813E0036764A /* Products */,
			);
			sourceTree = "<group>";
		};
		2B247E26283F813E0036764A /* Products */ = {
			isa = PBXGroup;
			children = (
				2B247E25283F813E0036764A /* 0526YouTubeApp.app */,
			);
			name = Products;
			sourceTree = "<group>";
		};
		2B247E27283F813E0036764A /* 0526YouTubeApp */ = {
			isa = PBXGroup;
			children = (
				2B247E28283F813E0036764A /* AppDelegate.swift */,
				2B247E2A283F813E0036764A /* SceneDelegate.swift */,
				2B0235972844FC5900D91BAD /* Views */,
				2B0235962844FC1000D91BAD /* ViewContollers */,
				2B0235952844FBF500D91BAD /* Models */,
				2B0235942844FBD100D91BAD /* Storyboards */,
				2B0235982844FC7800D91BAD /* Helps */,
				2B247E31283F813E0036764A /* Assets.xcassets */,
				2B247E36283F813E0036764A /* Info.plist */,
			);
			path = 0526YouTubeApp;
			sourceTree = "<group>";
		};
/* End PBXGroup section */

/* Begin PBXNativeTarget section */
		2B247E24283F813E0036764A /* 0526YouTubeApp */ = {
			isa = PBXNativeTarget;
			buildConfigurationList = 2B247E39283F813E0036764A /* Build configuration list for PBXNativeTarget "0526YouTubeApp" */;
			buildPhases = (
				2B247E21283F813E0036764A /* Sources */,
				2B247E22283F813E0036764A /* Frameworks */,
				2B247E23283F813E0036764A /* Resources */,
			);
			buildRules = (
			);
			dependencies = (
			);
			name = 0526YouTubeApp;
			productName = 0526YouTubeApp;
			productReference = 2B247E25283F813E0036764A /* 0526YouTubeApp.app */;
			productType = "com.apple.product-type.application";
		};
/* End PBXNativeTarget section */

/* Begin PBXProject section */
		2B247E1D283F813E0036764A /* Project object */ = {
			isa = PBXProject;
			attributes = {
				BuildIndependentTargetsInParallel = 1;
				LastSwiftUpdateCheck = 1340;
				LastUpgradeCheck = 1340;
				TargetAttributes = {
					2B247E24283F813E0036764A = {
						CreatedOnToolsVersion = 13.4;
					};
				};
			};
			buildConfigurationList = 2B247E20283F813E0036764A /* Build configuration list for PBXProject "0526YouTubeApp" */;
			compatibilityVersion = "Xcode 13.0";
			developmentRegion = en;
			hasScannedForEncodings = 0;
			knownRegions = (
				en,
				Base,
			);
			mainGroup = 2B247E1C283F813E0036764A;
			productRefGroup = 2B247E26283F813E0036764A /* Products */;
			projectDirPath = "";
			projectRoot = "";
			targets = (
				2B247E24283F813E0036764A /* 0526YouTubeApp */,
			);
		};
/* End PBXProject section */

/* Begin PBXResourcesBuildPhase section */
		2B247E23283F813E0036764A /* Resources */ = {
			isa = PBXResourcesBuildPhase;
			buildActionMask = 2147483647;
			files = (
				2B247E35283F813E0036764A /* LaunchScreen.storyboard in Resources */,
				2B247E32283F813E0036764A /* Assets.xcassets in Resources */,
				2B247E30283F813E0036764A /* Main.storyboard in Resources */,
			);
			runOnlyForDeploymentPostprocessing = 0;
		};
/* End PBXResourcesBuildPhase section */

/* Begin PBXSourcesBuildPhase section */
		2B247E21283F813E0036764A /* Sources */ = {
			isa = PBXSourcesBuildPhase;
			buildActionMask = 2147483647;
			files = (
				2B247E2D283F813E0036764A /* ViewController.swift in Sources */,
				2B5FD75F28452A580048A11E /* CacheManager.swift in Sources */,
				2B247E29283F813E0036764A /* AppDelegate.swift in Sources */,
				2B247E2B283F813E0036764A /* SceneDelegate.swift in Sources */,
				2B813A2B2840BC4F001CD188 /* Model.swift in Sources */,
				2B813A27284081A3001CD188 /* Constants.swift in Sources */,
				2B0235932844FB9400D91BAD /* VideoTableViewCell.swift in Sources */,
				2B813A292840BBA6001CD188 /* Video.swift in Sources */,
				2B813A2D2840FFCE001CD188 /* Response.swift in Sources */,
			);
			runOnlyForDeploymentPostprocessing = 0;
		};
/* End PBXSourcesBuildPhase section */

/* Begin PBXVariantGroup section */
		2B247E2E283F813E0036764A /* Main.storyboard */ = {
			isa = PBXVariantGroup;
			children = (
				2B247E2F283F813E0036764A /* Base */,
			);
			name = Main.storyboard;
			sourceTree = "<group>";
		};
		2B247E33283F813E0036764A /* LaunchScreen.storyboard */ = {
			isa = PBXVariantGroup;
			children = (
				2B247E34283F813E0036764A /* Base */,
			);
			name = LaunchScreen.storyboard;
			sourceTree = "<group>";
		};
/* End PBXVariantGroup section */

/* Begin XCBuildConfiguration section */
		2B247E37283F813E0036764A /* Debug */ = {
			isa = XCBuildConfiguration;
			buildSettings = {
				ALWAYS_SEARCH_USER_PATHS = NO;
				CLANG_ANALYZER_NONNULL = YES;
				CLANG_ANALYZER_NUMBER_OBJECT_CONVERSION = YES_AGGRESSIVE;
				CLANG_CXX_LANGUAGE_STANDARD = "gnu++17";
				CLANG_ENABLE_MODULES = YES;
				CLANG_ENABLE_OBJC_ARC = YES;
				CLANG_ENABLE_OBJC_WEAK = YES;
				CLANG_WARN_BLOCK_CAPTURE_AUTORELEASING = YES;
				CLANG_WARN_BOOL_CONVERSION = YES;
				CLANG_WARN_COMMA = YES;
				CLANG_WARN_CONSTANT_CONVERSION = YES;
				CLANG_WARN_DEPRECATED_OBJC_IMPLEMENTATIONS = YES;
				CLANG_WARN_DIRECT_OBJC_ISA_USAGE = YES_ERROR;
				CLANG_WARN_DOCUMENTATION_COMMENTS = YES;
				CLANG_WARN_EMPTY_BODY = YES;
				CLANG_WARN_ENUM_CONVERSION = YES;
				CLANG_WARN_INFINITE_RECURSION = YES;
				CLANG_WARN_INT_CONVERSION = YES;
				CLANG_WARN_NON_LITERAL_NULL_CONVERSION = YES;
				CLANG_WARN_OBJC_IMPLICIT_RETAIN_SELF = YES;
				CLANG_WARN_OBJC_LITERAL_CONVERSION = YES;
				CLANG_WARN_OBJC_ROOT_CLASS = YES_ERROR;
				CLANG_WARN_QUOTED_INCLUDE_IN_FRAMEWORK_HEADER = YES;
				CLANG_WARN_RANGE_LOOP_ANALYSIS = YES;
				CLANG_WARN_STRICT_PROTOTYPES = YES;
				CLANG_WARN_SUSPICIOUS_MOVE = YES;
				CLANG_WARN_UNGUARDED_AVAILABILITY = YES_AGGRESSIVE;
				CLANG_WARN_UNREACHABLE_CODE = YES;
				CLANG_WARN__DUPLICATE_METHOD_MATCH = YES;
				COPY_PHASE_STRIP = NO;
				DEBUG_INFORMATION_FORMAT = dwarf;
				ENABLE_STRICT_OBJC_MSGSEND = YES;
				ENABLE_TESTABILITY = YES;
				GCC_C_LANGUAGE_STANDARD = gnu11;
				GCC_DYNAMIC_NO_PIC = NO;
				GCC_NO_COMMON_BLOCKS = YES;
				GCC_OPTIMIZATION_LEVEL = 0;
				GCC_PREPROCESSOR_DEFINITIONS = (
					"DEBUG=1",
					"$(inherited)",
				);
				GCC_WARN_64_TO_32_BIT_CONVERSION = YES;
				GCC_WARN_ABOUT_RETURN_TYPE = YES_ERROR;
				GCC_WARN_UNDECLARED_SELECTOR = YES;
				GCC_WARN_UNINITIALIZED_AUTOS = YES_AGGRESSIVE;
				GCC_WARN_UNUSED_FUNCTION = YES;
				GCC_WARN_UNUSED_VARIABLE = YES;
				IPHONEOS_DEPLOYMENT_TARGET = 15.5;
				MTL_ENABLE_DEBUG_INFO = INCLUDE_SOURCE;
				MTL_FAST_MATH = YES;
				ONLY_ACTIVE_ARCH = YES;
				SDKROOT = iphoneos;
				SWIFT_ACTIVE_COMPILATION_CONDITIONS = DEBUG;
				SWIFT_OPTIMIZATION_LEVEL = "-Onone";
			};
			name = Debug;
		};
		2B247E38283F813E0036764A /* Release */ = {
			isa = XCBuildConfiguration;
			buildSettings = {
				ALWAYS_SEARCH_USER_PATHS = NO;
				CLANG_ANALYZER_NONNULL = YES;
				CLANG_ANALYZER_NUMBER_OBJECT_CONVERSION = YES_AGGRESSIVE;
				CLANG_CXX_LANGUAGE_STANDARD = "gnu++17";
				CLANG_ENABLE_MODULES = YES;
				CLANG_ENABLE_OBJC_ARC = YES;
				CLANG_ENABLE_OBJC_WEAK = YES;
				CLANG_WARN_BLOCK_CAPTURE_AUTORELEASING = YES;
				CLANG_WARN_BOOL_CONVERSION = YES;
				CLANG_WARN_COMMA = YES;
				CLANG_WARN_CONSTANT_CONVERSION = YES;
				CLANG_WARN_DEPRECATED_OBJC_IMPLEMENTATIONS = YES;
				CLANG_WARN_DIRECT_OBJC_ISA_USAGE = YES_ERROR;
				CLANG_WARN_DOCUMENTATION_COMMENTS = YES;
				CLANG_WARN_EMPTY_BODY = YES;
				CLANG_WARN_ENUM_CONVERSION = YES;
				CLANG_WARN_INFINITE_RECURSION = YES;
				CLANG_WARN_INT_CONVERSION = YES;
				CLANG_WARN_NON_LITERAL_NULL_CONVERSION = YES;
				CLANG_WARN_OBJC_IMPLICIT_RETAIN_SELF = YES;
				CLANG_WARN_OBJC_LITERAL_CONVERSION = YES;
				CLANG_WARN_OBJC_ROOT_CLASS = YES_ERROR;
				CLANG_WARN_QUOTED_INCLUDE_IN_FRAMEWORK_HEADER = YES;
				CLANG_WARN_RANGE_LOOP_ANALYSIS = YES;
				CLANG_WARN_STRICT_PROTOTYPES = YES;
				CLANG_WARN_SUSPICIOUS_MOVE = YES;
				CLANG_WARN_UNGUARDED_AVAILABILITY = YES_AGGRESSIVE;
				CLANG_WARN_UNREACHABLE_CODE = YES;
				CLANG_WARN__DUPLICATE_METHOD_MATCH = YES;
				COPY_PHASE_STRIP = NO;
				DEBUG_INFORMATION_FORMAT = "dwarf-with-dsym";
				ENABLE_NS_ASSERTIONS = NO;
				ENABLE_STRICT_OBJC_MSGSEND = YES;
				GCC_C_LANGUAGE_STANDARD = gnu11;
				GCC_NO_COMMON_BLOCKS = YES;
				GCC_WARN_64_TO_32_BIT_CONVERSION = YES;
				GCC_WARN_ABOUT_RETURN_TYPE = YES_ERROR;
				GCC_WARN_UNDECLARED_SELECTOR = YES;
				GCC_WARN_UNINITIALIZED_AUTOS = YES_AGGRESSIVE;
				GCC_WARN_UNUSED_FUNCTION = YES;
				GCC_WARN_UNUSED_VARIABLE = YES;
				IPHONEOS_DEPLOYMENT_TARGET = 15.5;
				MTL_ENABLE_DEBUG_INFO = NO;
				MTL_FAST_MATH = YES;
				SDKROOT = iphoneos;
				SWIFT_COMPILATION_MODE = wholemodule;
				SWIFT_OPTIMIZATION_LEVEL = "-O";
				VALIDATE_PRODUCT = YES;
			};
			name = Release;
		};
		2B247E3A283F813E0036764A /* Debug */ = {
			isa = XCBuildConfiguration;
			buildSettings = {
				ASSETCATALOG_COMPILER_APPICON_NAME = AppIcon;
				ASSETCATALOG_COMPILER_GLOBAL_ACCENT_COLOR_NAME = AccentColor;
				CODE_SIGN_STYLE = Automatic;
				CURRENT_PROJECT_VERSION = 1;
				DEVELOPMENT_TEAM = 7J8F33MW4V;
				GENERATE_INFOPLIST_FILE = YES;
				INFOPLIST_FILE = 0526YouTubeApp/Info.plist;
				INFOPLIST_KEY_UIApplicationSupportsIndirectInputEvents = YES;
				INFOPLIST_KEY_UILaunchStoryboardName = LaunchScreen;
				INFOPLIST_KEY_UIMainStoryboardFile = Main;
				INFOPLIST_KEY_UISupportedInterfaceOrientations_iPad = "UIInterfaceOrientationPortrait UIInterfaceOrientationPortraitUpsideDown UIInterfaceOrientationLandscapeLeft UIInterfaceOrientationLandscapeRight";
				INFOPLIST_KEY_UISupportedInterfaceOrientations_iPhone = "UIInterfaceOrientationPortrait UIInterfaceOrientationLandscapeLeft UIInterfaceOrientationLandscapeRight";
				LD_RUNPATH_SEARCH_PATHS = (
					"$(inherited)",
					"@executable_path/Frameworks",
				);
				MARKETING_VERSION = 1.0;
				PRODUCT_BUNDLE_IDENTIFIER = "demo.-526YouTubeApp";
				PRODUCT_NAME = "$(TARGET_NAME)";
				SWIFT_EMIT_LOC_STRINGS = YES;
				SWIFT_VERSION = 5.0;
				TARGETED_DEVICE_FAMILY = "1,2";
			};
			name = Debug;
		};
		2B247E3B283F813E0036764A /* Release */ = {
			isa = XCBuildConfiguration;
			buildSettings = {
				ASSETCATALOG_COMPILER_APPICON_NAME = AppIcon;
				ASSETCATALOG_COMPILER_GLOBAL_ACCENT_COLOR_NAME = AccentColor;
				CODE_SIGN_STYLE = Automatic;
				CURRENT_PROJECT_VERSION = 1;
				DEVELOPMENT_TEAM = 7J8F33MW4V;
				GENERATE_INFOPLIST_FILE = YES;
				INFOPLIST_FILE = 0526YouTubeApp/Info.plist;
				INFOPLIST_KEY_UIApplicationSupportsIndirectInputEvents = YES;
				INFOPLIST_KEY_UILaunchStoryboardName = LaunchScreen;
				INFOPLIST_KEY_UIMainStoryboardFile = Main;
				INFOPLIST_KEY_UISupportedInterfaceOrientations_iPad = "UIInterfaceOrientationPortrait UIInterfaceOrientationPortraitUpsideDown UIInterfaceOrientationLandscapeLeft UIInterfaceOrientationLandscapeRight";
				INFOPLIST_KEY_UISupportedInterfaceOrientations_iPhone = "UIInterfaceOrientationPortrait UIInterfaceOrientationLandscapeLeft UIInterfaceOrientationLandscapeRight";
				LD_RUNPATH_SEARCH_PATHS = (
					"$(inherited)",
					"@executable_path/Frameworks",
				);
				MARKETING_VERSION = 1.0;
				PRODUCT_BUNDLE_IDENTIFIER = "demo.-526YouTubeApp";
				PRODUCT_NAME = "$(TARGET_NAME)";
				SWIFT_EMIT_LOC_STRINGS = YES;
				SWIFT_VERSION = 5.0;
				TARGETED_DEVICE_FAMILY = "1,2";
			};
			name = Release;
		};
/* End XCBuildConfiguration section */

/* Begin XCConfigurationList section */
		2B247E20283F813E0036764A /* Build configuration list for PBXProject "0526YouTubeApp" */ = {
			isa = XCConfigurationList;
			buildConfigurations = (
				2B247E37283F813E0036764A /* Debug */,
				2B247E38283F813E0036764A /* Release */,
			);
			defaultConfigurationIsVisible = 0;
			defaultConfigurationName = Release;
		};
		2B247E39283F813E0036764A /* Build configuration list for PBXNativeTarget "0526YouTubeApp" */ = {
			isa = XCConfigurationList;
			buildConfigurations = (
				2B247E3A283F813E0036764A /* Debug */,
				2B247E3B283F813E0036764A /* Release */,
			);
			defaultConfigurationIsVisible = 0;
			defaultConfigurationName = Release;
		};
/* End XCConfigurationList section */
	};
	rootObject = 2B247E1D283F813E0036764A /* Project object */;
}
