// !$*UTF8*$!
{
	archiveVersion = 1;
	classes = {
	};
	objectVersion = 55;
	objects = {

/* Begin PBXBuildFile section */
		2B1D91CB28601F8D00096E30 /* PickerTableViewController.swift in Sources */ = {isa = PBXBuildFile; fileRef = 2B1D91CA28601F8D00096E30 /* PickerTableViewController.swift */; };
		2B2460772851984D0010FF69 /* AppDelegate.swift in Sources */ = {isa = PBXBuildFile; fileRef = 2B2460762851984D0010FF69 /* AppDelegate.swift */; };
		2B2460802851984D0010FF69 /* Assets.xcassets in Resources */ = {isa = PBXBuildFile; fileRef = 2B24607F2851984D0010FF69 /* Assets.xcassets */; };
		2B24608B28519C4C0010FF69 /* ButtonViewController.swift in Sources */ = {isa = PBXBuildFile; fileRef = 2B24608A28519C4C0010FF69 /* ButtonViewController.swift */; };
		2B8AC2EB2860551D004597C1 /* PickerCell.swift in Sources */ = {isa = PBXBuildFile; fileRef = 2B8AC2EA2860551D004597C1 /* PickerCell.swift */; };
		2B8AC3F8286058CD004597C1 /* MyCheckBox.swift in Sources */ = {isa = PBXBuildFile; fileRef = 2B8AC3F7286058CD004597C1 /* MyCheckBox.swift */; };
		2B9F63F12853284B005F3DA5 /* RootNavigationViewController.swift in Sources */ = {isa = PBXBuildFile; fileRef = 2B9F63F02853284B005F3DA5 /* RootNavigationViewController.swift */; };
		2B9F63F328532C80005F3DA5 /* MapViewController.swift in Sources */ = {isa = PBXBuildFile; fileRef = 2B9F63F228532C80005F3DA5 /* MapViewController.swift */; };
		2B9F63F62853322F005F3DA5 /* QuizViewController.swift in Sources */ = {isa = PBXBuildFile; fileRef = 2B9F63F52853322F005F3DA5 /* QuizViewController.swift */; };
		2BCE65C528533EAE00CF8133 /* TableViewController.swift in Sources */ = {isa = PBXBuildFile; fileRef = 2BCE65C428533EAE00CF8133 /* TableViewController.swift */; };
		2BCE65C728534A7800CF8133 /* ItemCell.swift in Sources */ = {isa = PBXBuildFile; fileRef = 2BCE65C628534A7800CF8133 /* ItemCell.swift */; };
		2BCE66D32855BA0700CF8133 /* CardViewController.swift in Sources */ = {isa = PBXBuildFile; fileRef = 2BCE66D22855BA0700CF8133 /* CardViewController.swift */; };
		9423E717B2680BCD89CB49AF /* Pods_0609ButtonDemo.framework in Frameworks */ = {isa = PBXBuildFile; fileRef = C321FA3EA01165B26A9D97B1 /* Pods_0609ButtonDemo.framework */; };
/* End PBXBuildFile section */

/* Begin PBXFileReference section */
		068E603BDA755447CC0E38CA /* Pods-0609ButtonDemo.release.xcconfig */ = {isa = PBXFileReference; includeInIndex = 1; lastKnownFileType = text.xcconfig; name = "Pods-0609ButtonDemo.release.xcconfig"; path = "Target Support Files/Pods-0609ButtonDemo/Pods-0609ButtonDemo.release.xcconfig"; sourceTree = "<group>"; };
		2B1D91CA28601F8D00096E30 /* PickerTableViewController.swift */ = {isa = PBXFileReference; lastKnownFileType = sourcecode.swift; path = PickerTableViewController.swift; sourceTree = "<group>"; };
		2B2460732851984D0010FF69 /* 0609ButtonDemo.app */ = {isa = PBXFileReference; explicitFileType = wrapper.application; includeInIndex = 0; path = 0609ButtonDemo.app; sourceTree = BUILT_PRODUCTS_DIR; };
		2B2460762851984D0010FF69 /* AppDelegate.swift */ = {isa = PBXFileReference; lastKnownFileType = sourcecode.swift; path = AppDelegate.swift; sourceTree = "<group>"; };
		2B24607F2851984D0010FF69 /* Assets.xcassets */ = {isa = PBXFileReference; lastKnownFileType = folder.assetcatalog; path = Assets.xcassets; sourceTree = "<group>"; };
		2B2460842851984D0010FF69 /* Info.plist */ = {isa = PBXFileReference; lastKnownFileType = text.plist.xml; path = Info.plist; sourceTree = "<group>"; };
		2B24608A28519C4C0010FF69 /* ButtonViewController.swift */ = {isa = PBXFileReference; lastKnownFileType = sourcecode.swift; path = ButtonViewController.swift; sourceTree = "<group>"; };
		2B8AC2EA2860551D004597C1 /* PickerCell.swift */ = {isa = PBXFileReference; lastKnownFileType = sourcecode.swift; path = PickerCell.swift; sourceTree = "<group>"; };
		2B8AC3F7286058CD004597C1 /* MyCheckBox.swift */ = {isa = PBXFileReference; lastKnownFileType = sourcecode.swift; path = MyCheckBox.swift; sourceTree = "<group>"; };
		2B9F63F02853284B005F3DA5 /* RootNavigationViewController.swift */ = {isa = PBXFileReference; lastKnownFileType = sourcecode.swift; path = RootNavigationViewController.swift; sourceTree = "<group>"; };
		2B9F63F228532C80005F3DA5 /* MapViewController.swift */ = {isa = PBXFileReference; lastKnownFileType = sourcecode.swift; path = MapViewController.swift; sourceTree = "<group>"; };
		2B9F63F52853322F005F3DA5 /* QuizViewController.swift */ = {isa = PBXFileReference; lastKnownFileType = sourcecode.swift; path = QuizViewController.swift; sourceTree = "<group>"; };
		2BCE65C428533EAE00CF8133 /* TableViewController.swift */ = {isa = PBXFileReference; lastKnownFileType = sourcecode.swift; path = TableViewController.swift; sourceTree = "<group>"; };
		2BCE65C628534A7800CF8133 /* ItemCell.swift */ = {isa = PBXFileReference; lastKnownFileType = sourcecode.swift; path = ItemCell.swift; sourceTree = "<group>"; };
		2BCE66D22855BA0700CF8133 /* CardViewController.swift */ = {isa = PBXFileReference; lastKnownFileType = sourcecode.swift; path = CardViewController.swift; sourceTree = "<group>"; };
		C321FA3EA01165B26A9D97B1 /* Pods_0609ButtonDemo.framework */ = {isa = PBXFileReference; explicitFileType = wrapper.framework; includeInIndex = 0; path = Pods_0609ButtonDemo.framework; sourceTree = BUILT_PRODUCTS_DIR; };
		C8BA6F5F10415C2EC0F49F49 /* Pods-0609ButtonDemo.debug.xcconfig */ = {isa = PBXFileReference; includeInIndex = 1; lastKnownFileType = text.xcconfig; name = "Pods-0609ButtonDemo.debug.xcconfig"; path = "Target Support Files/Pods-0609ButtonDemo/Pods-0609ButtonDemo.debug.xcconfig"; sourceTree = "<group>"; };
/* End PBXFileReference section */

/* Begin PBXFrameworksBuildPhase section */
		2B2460702851984C0010FF69 /* Frameworks */ = {
			isa = PBXFrameworksBuildPhase;
			buildActionMask = 2147483647;
			files = (
				9423E717B2680BCD89CB49AF /* Pods_0609ButtonDemo.framework in Frameworks */,
			);
			runOnlyForDeploymentPostprocessing = 0;
		};
/* End PBXFrameworksBuildPhase section */

/* Begin PBXGroup section */
		2B24606A2851984C0010FF69 = {
			isa = PBXGroup;
			children = (
				2B2460752851984D0010FF69 /* 0609ButtonDemo */,
				2B2460742851984D0010FF69 /* Products */,
				7575586490FE401603C6A010 /* Pods */,
				89EA780BE746011F2610C040 /* Frameworks */,
			);
			sourceTree = "<group>";
		};
		2B2460742851984D0010FF69 /* Products */ = {
			isa = PBXGroup;
			children = (
				2B2460732851984D0010FF69 /* 0609ButtonDemo.app */,
			);
			name = Products;
			sourceTree = "<group>";
		};
		2B2460752851984D0010FF69 /* 0609ButtonDemo */ = {
			isa = PBXGroup;
			children = (
				2B8AC3F6286058B5004597C1 /* MyCheckBox */,
				2BCE65C328533E9400CF8133 /* TableViewController */,
				2B9F63F42853320E005F3DA5 /* ViewControllers */,
				2B2460762851984D0010FF69 /* AppDelegate.swift */,
				2B24607F2851984D0010FF69 /* Assets.xcassets */,
				2B2460842851984D0010FF69 /* Info.plist */,
			);
			path = 0609ButtonDemo;
			sourceTree = "<group>";
		};
		2B8AC3F6286058B5004597C1 /* MyCheckBox */ = {
			isa = PBXGroup;
			children = (
				2B8AC3F7286058CD004597C1 /* MyCheckBox.swift */,
			);
			path = MyCheckBox;
			sourceTree = "<group>";
		};
		2B9F63F42853320E005F3DA5 /* ViewControllers */ = {
			isa = PBXGroup;
			children = (
				2B24608A28519C4C0010FF69 /* ButtonViewController.swift */,
				2B9F63F02853284B005F3DA5 /* RootNavigationViewController.swift */,
				2B9F63F228532C80005F3DA5 /* MapViewController.swift */,
				2B9F63F52853322F005F3DA5 /* QuizViewController.swift */,
				2BCE66D22855BA0700CF8133 /* CardViewController.swift */,
				2B1D91CA28601F8D00096E30 /* PickerTableViewController.swift */,
				2B8AC2EA2860551D004597C1 /* PickerCell.swift */,
			);
			path = ViewControllers;
			sourceTree = "<group>";
		};
		2BCE65C328533E9400CF8133 /* TableViewController */ = {
			isa = PBXGroup;
			children = (
				2BCE65C428533EAE00CF8133 /* TableViewController.swift */,
				2BCE65C628534A7800CF8133 /* ItemCell.swift */,
			);
			path = TableViewController;
			sourceTree = "<group>";
		};
		7575586490FE401603C6A010 /* Pods */ = {
			isa = PBXGroup;
			children = (
				C8BA6F5F10415C2EC0F49F49 /* Pods-0609ButtonDemo.debug.xcconfig */,
				068E603BDA755447CC0E38CA /* Pods-0609ButtonDemo.release.xcconfig */,
			);
			path = Pods;
			sourceTree = "<group>";
		};
		89EA780BE746011F2610C040 /* Frameworks */ = {
			isa = PBXGroup;
			children = (
				C321FA3EA01165B26A9D97B1 /* Pods_0609ButtonDemo.framework */,
			);
			name = Frameworks;
			sourceTree = "<group>";
		};
/* End PBXGroup section */

/* Begin PBXNativeTarget section */
		2B2460722851984C0010FF69 /* 0609ButtonDemo */ = {
			isa = PBXNativeTarget;
			buildConfigurationList = 2B2460872851984D0010FF69 /* Build configuration list for PBXNativeTarget "0609ButtonDemo" */;
			buildPhases = (
				76D1D0F1008CD164B22D1E9D /* [CP] Check Pods Manifest.lock */,
				2B24606F2851984C0010FF69 /* Sources */,
				2B2460702851984C0010FF69 /* Frameworks */,
				2B2460712851984C0010FF69 /* Resources */,
				3DAFE052795A1187AC351FC4 /* [CP] Embed Pods Frameworks */,
			);
			buildRules = (
			);
			dependencies = (
			);
			name = 0609ButtonDemo;
			productName = 0609ButtonDemo;
			productReference = 2B2460732851984D0010FF69 /* 0609ButtonDemo.app */;
			productType = "com.apple.product-type.application";
		};
/* End PBXNativeTarget section */

/* Begin PBXProject section */
		2B24606B2851984C0010FF69 /* Project object */ = {
			isa = PBXProject;
			attributes = {
				BuildIndependentTargetsInParallel = 1;
				LastSwiftUpdateCheck = 1340;
				LastUpgradeCheck = 1340;
				TargetAttributes = {
					2B2460722851984C0010FF69 = {
						CreatedOnToolsVersion = 13.4;
					};
				};
			};
			buildConfigurationList = 2B24606E2851984C0010FF69 /* Build configuration list for PBXProject "0609ButtonDemo" */;
			compatibilityVersion = "Xcode 13.0";
			developmentRegion = en;
			hasScannedForEncodings = 0;
			knownRegions = (
				en,
				Base,
			);
			mainGroup = 2B24606A2851984C0010FF69;
			productRefGroup = 2B2460742851984D0010FF69 /* Products */;
			projectDirPath = "";
			projectRoot = "";
			targets = (
				2B2460722851984C0010FF69 /* 0609ButtonDemo */,
			);
		};
/* End PBXProject section */

/* Begin PBXResourcesBuildPhase section */
		2B2460712851984C0010FF69 /* Resources */ = {
			isa = PBXResourcesBuildPhase;
			buildActionMask = 2147483647;
			files = (
				2B2460802851984D0010FF69 /* Assets.xcassets in Resources */,
			);
			runOnlyForDeploymentPostprocessing = 0;
		};
/* End PBXResourcesBuildPhase section */

/* Begin PBXShellScriptBuildPhase section */
		3DAFE052795A1187AC351FC4 /* [CP] Embed Pods Frameworks */ = {
			isa = PBXShellScriptBuildPhase;
			buildActionMask = 2147483647;
			files = (
			);
			inputFileListPaths = (
				"${PODS_ROOT}/Target Support Files/Pods-0609ButtonDemo/Pods-0609ButtonDemo-frameworks-${CONFIGURATION}-input-files.xcfilelist",
			);
			name = "[CP] Embed Pods Frameworks";
			outputFileListPaths = (
				"${PODS_ROOT}/Target Support Files/Pods-0609ButtonDemo/Pods-0609ButtonDemo-frameworks-${CONFIGURATION}-output-files.xcfilelist",
			);
			runOnlyForDeploymentPostprocessing = 0;
			shellPath = /bin/sh;
			shellScript = "\"${PODS_ROOT}/Target Support Files/Pods-0609ButtonDemo/Pods-0609ButtonDemo-frameworks.sh\"\n";
			showEnvVarsInLog = 0;
		};
		76D1D0F1008CD164B22D1E9D /* [CP] Check Pods Manifest.lock */ = {
			isa = PBXShellScriptBuildPhase;
			buildActionMask = 2147483647;
			files = (
			);
			inputFileListPaths = (
			);
			inputPaths = (
				"${PODS_PODFILE_DIR_PATH}/Podfile.lock",
				"${PODS_ROOT}/Manifest.lock",
			);
			name = "[CP] Check Pods Manifest.lock";
			outputFileListPaths = (
			);
			outputPaths = (
				"$(DERIVED_FILE_DIR)/Pods-0609ButtonDemo-checkManifestLockResult.txt",
			);
			runOnlyForDeploymentPostprocessing = 0;
			shellPath = /bin/sh;
			shellScript = "diff \"${PODS_PODFILE_DIR_PATH}/Podfile.lock\" \"${PODS_ROOT}/Manifest.lock\" > /dev/null\nif [ $? != 0 ] ; then\n    # print error to STDERR\n    echo \"error: The sandbox is not in sync with the Podfile.lock. Run 'pod install' or update your CocoaPods installation.\" >&2\n    exit 1\nfi\n# This output is used by Xcode 'outputs' to avoid re-running this script phase.\necho \"SUCCESS\" > \"${SCRIPT_OUTPUT_FILE_0}\"\n";
			showEnvVarsInLog = 0;
		};
/* End PBXShellScriptBuildPhase section */

/* Begin PBXSourcesBuildPhase section */
		2B24606F2851984C0010FF69 /* Sources */ = {
			isa = PBXSourcesBuildPhase;
			buildActionMask = 2147483647;
			files = (
				2BCE66D32855BA0700CF8133 /* CardViewController.swift in Sources */,
				2B9F63F12853284B005F3DA5 /* RootNavigationViewController.swift in Sources */,
				2B8AC3F8286058CD004597C1 /* MyCheckBox.swift in Sources */,
				2B1D91CB28601F8D00096E30 /* PickerTableViewController.swift in Sources */,
				2BCE65C528533EAE00CF8133 /* TableViewController.swift in Sources */,
				2B9F63F62853322F005F3DA5 /* QuizViewController.swift in Sources */,
				2B24608B28519C4C0010FF69 /* ButtonViewController.swift in Sources */,
				2BCE65C728534A7800CF8133 /* ItemCell.swift in Sources */,
				2B2460772851984D0010FF69 /* AppDelegate.swift in Sources */,
				2B9F63F328532C80005F3DA5 /* MapViewController.swift in Sources */,
				2B8AC2EB2860551D004597C1 /* PickerCell.swift in Sources */,
			);
			runOnlyForDeploymentPostprocessing = 0;
		};
/* End PBXSourcesBuildPhase section */

/* Begin XCBuildConfiguration section */
		2B2460852851984D0010FF69 /* Debug */ = {
			isa = XCBuildConfiguration;
			buildSettings = {
				ALWAYS_SEARCH_USER_PATHS = NO;
				CLANG_ANALYZER_NONNULL = YES;
				CLANG_ANALYZER_NUMBER_OBJECT_CONVERSION = YES_AGGRESSIVE;
				CLANG_CXX_LANGUAGE_STANDARD = "gnu++17";
				CLANG_ENABLE_MODULES = YES;
				CLANG_ENABLE_OBJC_ARC = YES;
				CLANG_ENABLE_OBJC_WEAK = YES;
				CLANG_WARN_BLOCK_CAPTURE_AUTORELEASING = YES;
				CLANG_WARN_BOOL_CONVERSION = YES;
				CLANG_WARN_COMMA = YES;
				CLANG_WARN_CONSTANT_CONVERSION = YES;
				CLANG_WARN_DEPRECATED_OBJC_IMPLEMENTATIONS = YES;
				CLANG_WARN_DIRECT_OBJC_ISA_USAGE = YES_ERROR;
				CLANG_WARN_DOCUMENTATION_COMMENTS = YES;
				CLANG_WARN_EMPTY_BODY = YES;
				CLANG_WARN_ENUM_CONVERSION = YES;
				CLANG_WARN_INFINITE_RECURSION = YES;
				CLANG_WARN_INT_CONVERSION = YES;
				CLANG_WARN_NON_LITERAL_NULL_CONVERSION = YES;
				CLANG_WARN_OBJC_IMPLICIT_RETAIN_SELF = YES;
				CLANG_WARN_OBJC_LITERAL_CONVERSION = YES;
				CLANG_WARN_OBJC_ROOT_CLASS = YES_ERROR;
				CLANG_WARN_QUOTED_INCLUDE_IN_FRAMEWORK_HEADER = YES;
				CLANG_WARN_RANGE_LOOP_ANALYSIS = YES;
				CLANG_WARN_STRICT_PROTOTYPES = YES;
				CLANG_WARN_SUSPICIOUS_MOVE = YES;
				CLANG_WARN_UNGUARDED_AVAILABILITY = YES_AGGRESSIVE;
				CLANG_WARN_UNREACHABLE_CODE = YES;
				CLANG_WARN__DUPLICATE_METHOD_MATCH = YES;
				COPY_PHASE_STRIP = NO;
				DEBUG_INFORMATION_FORMAT = dwarf;
				ENABLE_STRICT_OBJC_MSGSEND = YES;
				ENABLE_TESTABILITY = YES;
				GCC_C_LANGUAGE_STANDARD = gnu11;
				GCC_DYNAMIC_NO_PIC = NO;
				GCC_NO_COMMON_BLOCKS = YES;
				GCC_OPTIMIZATION_LEVEL = 0;
				GCC_PREPROCESSOR_DEFINITIONS = (
					"DEBUG=1",
					"$(inherited)",
				);
				GCC_WARN_64_TO_32_BIT_CONVERSION = YES;
				GCC_WARN_ABOUT_RETURN_TYPE = YES_ERROR;
				GCC_WARN_UNDECLARED_SELECTOR = YES;
				GCC_WARN_UNINITIALIZED_AUTOS = YES_AGGRESSIVE;
				GCC_WARN_UNUSED_FUNCTION = YES;
				GCC_WARN_UNUSED_VARIABLE = YES;
				IPHONEOS_DEPLOYMENT_TARGET = 15.5;
				MTL_ENABLE_DEBUG_INFO = INCLUDE_SOURCE;
				MTL_FAST_MATH = YES;
				ONLY_ACTIVE_ARCH = YES;
				SDKROOT = iphoneos;
				SWIFT_ACTIVE_COMPILATION_CONDITIONS = DEBUG;
				SWIFT_OPTIMIZATION_LEVEL = "-Onone";
			};
			name = Debug;
		};
		2B2460862851984D0010FF69 /* Release */ = {
			isa = XCBuildConfiguration;
			buildSettings = {
				ALWAYS_SEARCH_USER_PATHS = NO;
				CLANG_ANALYZER_NONNULL = YES;
				CLANG_ANALYZER_NUMBER_OBJECT_CONVERSION = YES_AGGRESSIVE;
				CLANG_CXX_LANGUAGE_STANDARD = "gnu++17";
				CLANG_ENABLE_MODULES = YES;
				CLANG_ENABLE_OBJC_ARC = YES;
				CLANG_ENABLE_OBJC_WEAK = YES;
				CLANG_WARN_BLOCK_CAPTURE_AUTORELEASING = YES;
				CLANG_WARN_BOOL_CONVERSION = YES;
				CLANG_WARN_COMMA = YES;
				CLANG_WARN_CONSTANT_CONVERSION = YES;
				CLANG_WARN_DEPRECATED_OBJC_IMPLEMENTATIONS = YES;
				CLANG_WARN_DIRECT_OBJC_ISA_USAGE = YES_ERROR;
				CLANG_WARN_DOCUMENTATION_COMMENTS = YES;
				CLANG_WARN_EMPTY_BODY = YES;
				CLANG_WARN_ENUM_CONVERSION = YES;
				CLANG_WARN_INFINITE_RECURSION = YES;
				CLANG_WARN_INT_CONVERSION = YES;
				CLANG_WARN_NON_LITERAL_NULL_CONVERSION = YES;
				CLANG_WARN_OBJC_IMPLICIT_RETAIN_SELF = YES;
				CLANG_WARN_OBJC_LITERAL_CONVERSION = YES;
				CLANG_WARN_OBJC_ROOT_CLASS = YES_ERROR;
				CLANG_WARN_QUOTED_INCLUDE_IN_FRAMEWORK_HEADER = YES;
				CLANG_WARN_RANGE_LOOP_ANALYSIS = YES;
				CLANG_WARN_STRICT_PROTOTYPES = YES;
				CLANG_WARN_SUSPICIOUS_MOVE = YES;
				CLANG_WARN_UNGUARDED_AVAILABILITY = YES_AGGRESSIVE;
				CLANG_WARN_UNREACHABLE_CODE = YES;
				CLANG_WARN__DUPLICATE_METHOD_MATCH = YES;
				COPY_PHASE_STRIP = NO;
				DEBUG_INFORMATION_FORMAT = "dwarf-with-dsym";
				ENABLE_NS_ASSERTIONS = NO;
				ENABLE_STRICT_OBJC_MSGSEND = YES;
				GCC_C_LANGUAGE_STANDARD = gnu11;
				GCC_NO_COMMON_BLOCKS = YES;
				GCC_WARN_64_TO_32_BIT_CONVERSION = YES;
				GCC_WARN_ABOUT_RETURN_TYPE = YES_ERROR;
				GCC_WARN_UNDECLARED_SELECTOR = YES;
				GCC_WARN_UNINITIALIZED_AUTOS = YES_AGGRESSIVE;
				GCC_WARN_UNUSED_FUNCTION = YES;
				GCC_WARN_UNUSED_VARIABLE = YES;
				IPHONEOS_DEPLOYMENT_TARGET = 15.5;
				MTL_ENABLE_DEBUG_INFO = NO;
				MTL_FAST_MATH = YES;
				SDKROOT = iphoneos;
				SWIFT_COMPILATION_MODE = wholemodule;
				SWIFT_OPTIMIZATION_LEVEL = "-O";
				VALIDATE_PRODUCT = YES;
			};
			name = Release;
		};
		2B2460882851984D0010FF69 /* Debug */ = {
			isa = XCBuildConfiguration;
			baseConfigurationReference = C8BA6F5F10415C2EC0F49F49 /* Pods-0609ButtonDemo.debug.xcconfig */;
			buildSettings = {
				ASSETCATALOG_COMPILER_APPICON_NAME = AppIcon;
				ASSETCATALOG_COMPILER_GLOBAL_ACCENT_COLOR_NAME = AccentColor;
				CODE_SIGN_STYLE = Automatic;
				CURRENT_PROJECT_VERSION = 1;
				DEVELOPMENT_TEAM = 7J8F33MW4V;
				GENERATE_INFOPLIST_FILE = YES;
				INFOPLIST_FILE = 0609ButtonDemo/Info.plist;
				INFOPLIST_KEY_UIApplicationSupportsIndirectInputEvents = YES;
				INFOPLIST_KEY_UILaunchStoryboardName = LaunchScreen;
				INFOPLIST_KEY_UISupportedInterfaceOrientations_iPad = "UIInterfaceOrientationPortrait UIInterfaceOrientationPortraitUpsideDown UIInterfaceOrientationLandscapeLeft UIInterfaceOrientationLandscapeRight";
				INFOPLIST_KEY_UISupportedInterfaceOrientations_iPhone = "UIInterfaceOrientationPortrait UIInterfaceOrientationLandscapeLeft UIInterfaceOrientationLandscapeRight";
				LD_RUNPATH_SEARCH_PATHS = (
					"$(inherited)",
					"@executable_path/Frameworks",
				);
				MARKETING_VERSION = 1.0;
				PRODUCT_BUNDLE_IDENTIFIER = "demo.-609ButtonDemo";
				PRODUCT_NAME = "$(TARGET_NAME)";
				SWIFT_EMIT_LOC_STRINGS = YES;
				SWIFT_VERSION = 5.0;
				TARGETED_DEVICE_FAMILY = "1,2";
			};
			name = Debug;
		};
		2B2460892851984D0010FF69 /* Release */ = {
			isa = XCBuildConfiguration;
			baseConfigurationReference = 068E603BDA755447CC0E38CA /* Pods-0609ButtonDemo.release.xcconfig */;
			buildSettings = {
				ASSETCATALOG_COMPILER_APPICON_NAME = AppIcon;
				ASSETCATALOG_COMPILER_GLOBAL_ACCENT_COLOR_NAME = AccentColor;
				CODE_SIGN_STYLE = Automatic;
				CURRENT_PROJECT_VERSION = 1;
				DEVELOPMENT_TEAM = 7J8F33MW4V;
				GENERATE_INFOPLIST_FILE = YES;
				INFOPLIST_FILE = 0609ButtonDemo/Info.plist;
				INFOPLIST_KEY_UIApplicationSupportsIndirectInputEvents = YES;
				INFOPLIST_KEY_UILaunchStoryboardName = LaunchScreen;
				INFOPLIST_KEY_UISupportedInterfaceOrientations_iPad = "UIInterfaceOrientationPortrait UIInterfaceOrientationPortraitUpsideDown UIInterfaceOrientationLandscapeLeft UIInterfaceOrientationLandscapeRight";
				INFOPLIST_KEY_UISupportedInterfaceOrientations_iPhone = "UIInterfaceOrientationPortrait UIInterfaceOrientationLandscapeLeft UIInterfaceOrientationLandscapeRight";
				LD_RUNPATH_SEARCH_PATHS = (
					"$(inherited)",
					"@executable_path/Frameworks",
				);
				MARKETING_VERSION = 1.0;
				PRODUCT_BUNDLE_IDENTIFIER = "demo.-609ButtonDemo";
				PRODUCT_NAME = "$(TARGET_NAME)";
				SWIFT_EMIT_LOC_STRINGS = YES;
				SWIFT_VERSION = 5.0;
				TARGETED_DEVICE_FAMILY = "1,2";
			};
			name = Release;
		};
/* End XCBuildConfiguration section */

/* Begin XCConfigurationList section */
		2B24606E2851984C0010FF69 /* Build configuration list for PBXProject "0609ButtonDemo" */ = {
			isa = XCConfigurationList;
			buildConfigurations = (
				2B2460852851984D0010FF69 /* Debug */,
				2B2460862851984D0010FF69 /* Release */,
			);
			defaultConfigurationIsVisible = 0;
			defaultConfigurationName = Release;
		};
		2B2460872851984D0010FF69 /* Build configuration list for PBXNativeTarget "0609ButtonDemo" */ = {
			isa = XCConfigurationList;
			buildConfigurations = (
				2B2460882851984D0010FF69 /* Debug */,
				2B2460892851984D0010FF69 /* Release */,
			);
			defaultConfigurationIsVisible = 0;
			defaultConfigurationName = Release;
		};
/* End XCConfigurationList section */
	};
	rootObject = 2B24606B2851984C0010FF69 /* Project object */;
}
